// !$*UTF8*$!
{
	archiveVersion = 1;
	classes = {
	};
	objectVersion = 48;
	objects = {

/* Begin PBXBuildFile section */
		D914CD68206808970079E523 /* AppDelegate.swift in Sources */ = {isa = PBXBuildFile; fileRef = D914CD67206808970079E523 /* AppDelegate.swift */; };
		D914CD6A206808970079E523 /* ViewController.swift in Sources */ = {isa = PBXBuildFile; fileRef = D914CD69206808970079E523 /* ViewController.swift */; };
		D914CD6D206808970079E523 /* Main.storyboard in Resources */ = {isa = PBXBuildFile; fileRef = D914CD6B206808970079E523 /* Main.storyboard */; };
		D914CD6F206808970079E523 /* Assets.xcassets in Resources */ = {isa = PBXBuildFile; fileRef = D914CD6E206808970079E523 /* Assets.xcassets */; };
		D914CD72206808970079E523 /* LaunchScreen.storyboard in Resources */ = {isa = PBXBuildFile; fileRef = D914CD70206808970079E523 /* LaunchScreen.storyboard */; };
		D914CD7D206808970079E523 /* DynamicButtonsTests.swift in Sources */ = {isa = PBXBuildFile; fileRef = D914CD7C206808970079E523 /* DynamicButtonsTests.swift */; };
		D9EA6CCF206825AD008A0B5B /* FilterViewController.swift in Sources */ = {isa = PBXBuildFile; fileRef = D9EA6CCE206825AD008A0B5B /* FilterViewController.swift */; };
/* End PBXBuildFile section */

/* Begin PBXContainerItemProxy section */
		D914CD79206808970079E523 /* PBXContainerItemProxy */ = {
			isa = PBXContainerItemProxy;
			containerPortal = D914CD5C206808970079E523 /* Project object */;
			proxyType = 1;
			remoteGlobalIDString = D914CD63206808970079E523;
			remoteInfo = DynamicButtons;
		};
/* End PBXContainerItemProxy section */

/* Begin PBXFileReference section */
		D914CD64206808970079E523 /* DynamicButtons.app */ = {isa = PBXFileReference; explicitFileType = wrapper.application; includeInIndex = 0; path = DynamicButtons.app; sourceTree = BUILT_PRODUCTS_DIR; };
		D914CD67206808970079E523 /* AppDelegate.swift */ = {isa = PBXFileReference; lastKnownFileType = sourcecode.swift; path = AppDelegate.swift; sourceTree = "<group>"; };
		D914CD69206808970079E523 /* ViewController.swift */ = {isa = PBXFileReference; lastKnownFileType = sourcecode.swift; path = ViewController.swift; sourceTree = "<group>"; };
		D914CD6C206808970079E523 /* Base */ = {isa = PBXFileReference; lastKnownFileType = file.storyboard; name = Base; path = Base.lproj/Main.storyboard; sourceTree = "<group>"; };
		D914CD6E206808970079E523 /* Assets.xcassets */ = {isa = PBXFileReference; lastKnownFileType = folder.assetcatalog; path = Assets.xcassets; sourceTree = "<group>"; };
		D914CD71206808970079E523 /* Base */ = {isa = PBXFileReference; lastKnownFileType = file.storyboard; name = Base; path = Base.lproj/LaunchScreen.storyboard; sourceTree = "<group>"; };
		D914CD73206808970079E523 /* Info.plist */ = {isa = PBXFileReference; lastKnownFileType = text.plist.xml; path = Info.plist; sourceTree = "<group>"; };
		D914CD78206808970079E523 /* DynamicButtonsTests.xctest */ = {isa = PBXFileReference; explicitFileType = wrapper.cfbundle; includeInIndex = 0; path = DynamicButtonsTests.xctest; sourceTree = BUILT_PRODUCTS_DIR; };
		D914CD7C206808970079E523 /* DynamicButtonsTests.swift */ = {isa = PBXFileReference; lastKnownFileType = sourcecode.swift; path = DynamicButtonsTests.swift; sourceTree = "<group>"; };
		D914CD7E206808970079E523 /* Info.plist */ = {isa = PBXFileReference; lastKnownFileType = text.plist.xml; path = Info.plist; sourceTree = "<group>"; };
		D9EA6CCE206825AD008A0B5B /* FilterViewController.swift */ = {isa = PBXFileReference; lastKnownFileType = sourcecode.swift; path = FilterViewController.swift; sourceTree = "<group>"; };
/* End PBXFileReference section */

/* Begin PBXFrameworksBuildPhase section */
		D914CD61206808970079E523 /* Frameworks */ = {
			isa = PBXFrameworksBuildPhase;
			buildActionMask = 2147483647;
			files = (
			);
			runOnlyForDeploymentPostprocessing = 0;
		};
		D914CD75206808970079E523 /* Frameworks */ = {
			isa = PBXFrameworksBuildPhase;
			buildActionMask = 2147483647;
			files = (
			);
			runOnlyForDeploymentPostprocessing = 0;
		};
/* End PBXFrameworksBuildPhase section */

/* Begin PBXGroup section */
		D914CD5B206808970079E523 = {
			isa = PBXGroup;
			children = (
				D914CD66206808970079E523 /* DynamicButtons */,
				D914CD7B206808970079E523 /* DynamicButtonsTests */,
				D914CD65206808970079E523 /* Products */,
			);
			sourceTree = "<group>";
		};
		D914CD65206808970079E523 /* Products */ = {
			isa = PBXGroup;
			children = (
				D914CD64206808970079E523 /* DynamicButtons.app */,
				D914CD78206808970079E523 /* DynamicButtonsTests.xctest */,
			);
			name = Products;
			sourceTree = "<group>";
		};
		D914CD66206808970079E523 /* DynamicButtons */ = {
			isa = PBXGroup;
			children = (
				D914CD67206808970079E523 /* AppDelegate.swift */,
				D914CD69206808970079E523 /* ViewController.swift */,
				D914CD6B206808970079E523 /* Main.storyboard */,
				D9EA6CCE206825AD008A0B5B /* FilterViewController.swift */,
				D914CD6E206808970079E523 /* Assets.xcassets */,
				D914CD70206808970079E523 /* LaunchScreen.storyboard */,
				D914CD73206808970079E523 /* Info.plist */,
			);
			path = DynamicButtons;
			sourceTree = "<group>";
		};
		D914CD7B206808970079E523 /* DynamicButtonsTests */ = {
			isa = PBXGroup;
			children = (
				D914CD7C206808970079E523 /* DynamicButtonsTests.swift */,
				D914CD7E206808970079E523 /* Info.plist */,
			);
			path = DynamicButtonsTests;
			sourceTree = "<group>";
		};
/* End PBXGroup section */

/* Begin PBXNativeTarget section */
		D914CD63206808970079E523 /* DynamicButtons */ = {
			isa = PBXNativeTarget;
			buildConfigurationList = D914CD81206808970079E523 /* Build configuration list for PBXNativeTarget "DynamicButtons" */;
			buildPhases = (
				D914CD60206808970079E523 /* Sources */,
				D914CD61206808970079E523 /* Frameworks */,
				D914CD62206808970079E523 /* Resources */,
			);
			buildRules = (
			);
			dependencies = (
			);
			name = DynamicButtons;
			productName = DynamicButtons;
			productReference = D914CD64206808970079E523 /* DynamicButtons.app */;
			productType = "com.apple.product-type.application";
		};
		D914CD77206808970079E523 /* DynamicButtonsTests */ = {
			isa = PBXNativeTarget;
			buildConfigurationList = D914CD84206808970079E523 /* Build configuration list for PBXNativeTarget "DynamicButtonsTests" */;
			buildPhases = (
				D914CD74206808970079E523 /* Sources */,
				D914CD75206808970079E523 /* Frameworks */,
				D914CD76206808970079E523 /* Resources */,
			);
			buildRules = (
			);
			dependencies = (
				D914CD7A206808970079E523 /* PBXTargetDependency */,
			);
			name = DynamicButtonsTests;
			productName = DynamicButtonsTests;
			productReference = D914CD78206808970079E523 /* DynamicButtonsTests.xctest */;
			productType = "com.apple.product-type.bundle.unit-test";
		};
/* End PBXNativeTarget section */

/* Begin PBXProject section */
		D914CD5C206808970079E523 /* Project object */ = {
			isa = PBXProject;
			attributes = {
				LastSwiftUpdateCheck = 0920;
				LastUpgradeCheck = 0920;
				ORGANIZATIONNAME = "Joe Sanfilippo";
				TargetAttributes = {
					D914CD63206808970079E523 = {
						CreatedOnToolsVersion = 9.2;
						ProvisioningStyle = Automatic;
					};
					D914CD77206808970079E523 = {
						CreatedOnToolsVersion = 9.2;
						ProvisioningStyle = Automatic;
						TestTargetID = D914CD63206808970079E523;
					};
				};
			};
			buildConfigurationList = D914CD5F206808970079E523 /* Build configuration list for PBXProject "DynamicButtons" */;
			compatibilityVersion = "Xcode 8.0";
			developmentRegion = en;
			hasScannedForEncodings = 0;
			knownRegions = (
				en,
				Base,
			);
			mainGroup = D914CD5B206808970079E523;
			productRefGroup = D914CD65206808970079E523 /* Products */;
			projectDirPath = "";
			projectRoot = "";
			targets = (
				D914CD63206808970079E523 /* DynamicButtons */,
				D914CD77206808970079E523 /* DynamicButtonsTests */,
			);
		};
/* End PBXProject section */

/* Begin PBXResourcesBuildPhase section */
		D914CD62206808970079E523 /* Resources */ = {
			isa = PBXResourcesBuildPhase;
			buildActionMask = 2147483647;
			files = (
				D914CD72206808970079E523 /* LaunchScreen.storyboard in Resources */,
				D914CD6F206808970079E523 /* Assets.xcassets in Resources */,
				D914CD6D206808970079E523 /* Main.storyboard in Resources */,
			);
			runOnlyForDeploymentPostprocessing = 0;
		};
		D914CD76206808970079E523 /* Resources */ = {
			isa = PBXResourcesBuildPhase;
			buildActionMask = 2147483647;
			files = (
			);
			runOnlyForDeploymentPostprocessing = 0;
		};
/* End PBXResourcesBuildPhase section */

/* Begin PBXSourcesBuildPhase section */
		D914CD60206808970079E523 /* Sources */ = {
			isa = PBXSourcesBuildPhase;
			buildActionMask = 2147483647;
			files = (
				D9EA6CCF206825AD008A0B5B /* FilterViewController.swift in Sources */,
				D914CD6A206808970079E523 /* ViewController.swift in Sources */,
				D914CD68206808970079E523 /* AppDelegate.swift in Sources */,
			);
			runOnlyForDeploymentPostprocessing = 0;
		};
		D914CD74206808970079E523 /* Sources */ = {
			isa = PBXSourcesBuildPhase;
			buildActionMask = 2147483647;
			files = (
				D914CD7D206808970079E523 /* DynamicButtonsTests.swift in Sources */,
			);
			runOnlyForDeploymentPostprocessing = 0;
		};
/* End PBXSourcesBuildPhase section */

/* Begin PBXTargetDependency section */
		D914CD7A206808970079E523 /* PBXTargetDependency */ = {
			isa = PBXTargetDependency;
			target = D914CD63206808970079E523 /* DynamicButtons */;
			targetProxy = D914CD79206808970079E523 /* PBXContainerItemProxy */;
		};
/* End PBXTargetDependency section */

/* Begin PBXVariantGroup section */
		D914CD6B206808970079E523 /* Main.storyboard */ = {
			isa = PBXVariantGroup;
			children = (
				D914CD6C206808970079E523 /* Base */,
			);
			name = Main.storyboard;
			sourceTree = "<group>";
		};
		D914CD70206808970079E523 /* LaunchScreen.storyboard */ = {
			isa = PBXVariantGroup;
			children = (
				D914CD71206808970079E523 /* Base */,
			);
			name = LaunchScreen.storyboard;
			sourceTree = "<group>";
		};
/* End PBXVariantGroup section */

/* Begin XCBuildConfiguration section */
		D914CD7F206808970079E523 /* Debug */ = {
			isa = XCBuildConfiguration;
			buildSettings = {
				ALWAYS_SEARCH_USER_PATHS = NO;
				CLANG_ANALYZER_NONNULL = YES;
				CLANG_ANALYZER_NUMBER_OBJECT_CONVERSION = YES_AGGRESSIVE;
				CLANG_CXX_LANGUAGE_STANDARD = "gnu++14";
				CLANG_CXX_LIBRARY = "libc++";
				CLANG_ENABLE_MODULES = YES;
				CLANG_ENABLE_OBJC_ARC = YES;
				CLANG_WARN_BLOCK_CAPTURE_AUTORELEASING = YES;
				CLANG_WARN_BOOL_CONVERSION = YES;
				CLANG_WARN_COMMA = YES;
				CLANG_WARN_CONSTANT_CONVERSION = YES;
				CLANG_WARN_DIRECT_OBJC_ISA_USAGE = YES_ERROR;
				CLANG_WARN_DOCUMENTATION_COMMENTS = YES;
				CLANG_WARN_EMPTY_BODY = YES;
				CLANG_WARN_ENUM_CONVERSION = YES;
				CLANG_WARN_INFINITE_RECURSION = YES;
				CLANG_WARN_INT_CONVERSION = YES;
				CLANG_WARN_NON_LITERAL_NULL_CONVERSION = YES;
				CLANG_WARN_OBJC_LITERAL_CONVERSION = YES;
				CLANG_WARN_OBJC_ROOT_CLASS = YES_ERROR;
				CLANG_WARN_RANGE_LOOP_ANALYSIS = YES;
				CLANG_WARN_STRICT_PROTOTYPES = YES;
				CLANG_WARN_SUSPICIOUS_MOVE = YES;
				CLANG_WARN_UNGUARDED_AVAILABILITY = YES_AGGRESSIVE;
				CLANG_WARN_UNREACHABLE_CODE = YES;
				CLANG_WARN__DUPLICATE_METHOD_MATCH = YES;
				CODE_SIGN_IDENTITY = "iPhone Developer";
				COPY_PHASE_STRIP = NO;
				DEBUG_INFORMATION_FORMAT = dwarf;
				ENABLE_STRICT_OBJC_MSGSEND = YES;
				ENABLE_TESTABILITY = YES;
				GCC_C_LANGUAGE_STANDARD = gnu11;
				GCC_DYNAMIC_NO_PIC = NO;
				GCC_NO_COMMON_BLOCKS = YES;
				GCC_OPTIMIZATION_LEVEL = 0;
				GCC_PREPROCESSOR_DEFINITIONS = (
					"DEBUG=1",
					"$(inherited)",
				);
				GCC_WARN_64_TO_32_BIT_CONVERSION = YES;
				GCC_WARN_ABOUT_RETURN_TYPE = YES_ERROR;
				GCC_WARN_UNDECLARED_SELECTOR = YES;
				GCC_WARN_UNINITIALIZED_AUTOS = YES_AGGRESSIVE;
				GCC_WARN_UNUSED_FUNCTION = YES;
				GCC_WARN_UNUSED_VARIABLE = YES;
				IPHONEOS_DEPLOYMENT_TARGET = 11.2;
				MTL_ENABLE_DEBUG_INFO = YES;
				ONLY_ACTIVE_ARCH = YES;
				SDKROOT = iphoneos;
				SWIFT_ACTIVE_COMPILATION_CONDITIONS = DEBUG;
				SWIFT_OPTIMIZATION_LEVEL = "-Onone";
			};
			name = Debug;
		};
		D914CD80206808970079E523 /* Release */ = {
			isa = XCBuildConfiguration;
			buildSettings = {
				ALWAYS_SEARCH_USER_PATHS = NO;
				CLANG_ANALYZER_NONNULL = YES;
				CLANG_ANALYZER_NUMBER_OBJECT_CONVERSION = YES_AGGRESSIVE;
				CLANG_CXX_LANGUAGE_STANDARD = "gnu++14";
				CLANG_CXX_LIBRARY = "libc++";
				CLANG_ENABLE_MODULES = YES;
				CLANG_ENABLE_OBJC_ARC = YES;
				CLANG_WARN_BLOCK_CAPTURE_AUTORELEASING = YES;
				CLANG_WARN_BOOL_CONVERSION = YES;
				CLANG_WARN_COMMA = YES;
				CLANG_WARN_CONSTANT_CONVERSION = YES;
				CLANG_WARN_DIRECT_OBJC_ISA_USAGE = YES_ERROR;
				CLANG_WARN_DOCUMENTATION_COMMENTS = YES;
				CLANG_WARN_EMPTY_BODY = YES;
				CLANG_WARN_ENUM_CONVERSION = YES;
				CLANG_WARN_INFINITE_RECURSION = YES;
				CLANG_WARN_INT_CONVERSION = YES;
				CLANG_WARN_NON_LITERAL_NULL_CONVERSION = YES;
				CLANG_WARN_OBJC_LITERAL_CONVERSION = YES;
				CLANG_WARN_OBJC_ROOT_CLASS = YES_ERROR;
				CLANG_WARN_RANGE_LOOP_ANALYSIS = YES;
				CLANG_WARN_STRICT_PROTOTYPES = YES;
				CLANG_WARN_SUSPICIOUS_MOVE = YES;
				CLANG_WARN_UNGUARDED_AVAILABILITY = YES_AGGRESSIVE;
				CLANG_WARN_UNREACHABLE_CODE = YES;
				CLANG_WARN__DUPLICATE_METHOD_MATCH = YES;
				CODE_SIGN_IDENTITY = "iPhone Developer";
				COPY_PHASE_STRIP = NO;
				DEBUG_INFORMATION_FORMAT = "dwarf-with-dsym";
				ENABLE_NS_ASSERTIONS = NO;
				ENABLE_STRICT_OBJC_MSGSEND = YES;
				GCC_C_LANGUAGE_STANDARD = gnu11;
				GCC_NO_COMMON_BLOCKS = YES;
				GCC_WARN_64_TO_32_BIT_CONVERSION = YES;
				GCC_WARN_ABOUT_RETURN_TYPE = YES_ERROR;
				GCC_WARN_UNDECLARED_SELECTOR = YES;
				GCC_WARN_UNINITIALIZED_AUTOS = YES_AGGRESSIVE;
				GCC_WARN_UNUSED_FUNCTION = YES;
				GCC_WARN_UNUSED_VARIABLE = YES;
				IPHONEOS_DEPLOYMENT_TARGET = 11.2;
				MTL_ENABLE_DEBUG_INFO = NO;
				SDKROOT = iphoneos;
				SWIFT_OPTIMIZATION_LEVEL = "-Owholemodule";
				VALIDATE_PRODUCT = YES;
			};
			name = Release;
		};
		D914CD82206808970079E523 /* Debug */ = {
			isa = XCBuildConfiguration;
			buildSettings = {
				ASSETCATALOG_COMPILER_APPICON_NAME = AppIcon;
				CODE_SIGN_STYLE = Automatic;
				INFOPLIST_FILE = DynamicButtons/Info.plist;
				LD_RUNPATH_SEARCH_PATHS = "$(inherited) @executable_path/Frameworks";
				PRODUCT_BUNDLE_IDENTIFIER = com.sanfil.DynamicButtons;
				PRODUCT_NAME = "$(TARGET_NAME)";
				SWIFT_VERSION = 4.0;
				TARGETED_DEVICE_FAMILY = "1,2";
			};
			name = Debug;
		};
		D914CD83206808970079E523 /* Release */ = {
			isa = XCBuildConfiguration;
			buildSettings = {
				ASSETCATALOG_COMPILER_APPICON_NAME = AppIcon;
				CODE_SIGN_STYLE = Automatic;
				INFOPLIST_FILE = DynamicButtons/Info.plist;
				LD_RUNPATH_SEARCH_PATHS = "$(inherited) @executable_path/Frameworks";
				PRODUCT_BUNDLE_IDENTIFIER = com.sanfil.DynamicButtons;
				PRODUCT_NAME = "$(TARGET_NAME)";
				SWIFT_VERSION = 4.0;
				TARGETED_DEVICE_FAMILY = "1,2";
			};
			name = Release;
		};
		D914CD85206808970079E523 /* Debug */ = {
			isa = XCBuildConfiguration;
			buildSettings = {
				ALWAYS_EMBED_SWIFT_STANDARD_LIBRARIES = YES;
				BUNDLE_LOADER = "$(TEST_HOST)";
				CODE_SIGN_STYLE = Automatic;
				INFOPLIST_FILE = DynamicButtonsTests/Info.plist;
				LD_RUNPATH_SEARCH_PATHS = "$(inherited) @executable_path/Frameworks @loader_path/Frameworks";
				PRODUCT_BUNDLE_IDENTIFIER = com.sanfil.DynamicButtonsTests;
				PRODUCT_NAME = "$(TARGET_NAME)";
				SWIFT_VERSION = 4.0;
				TARGETED_DEVICE_FAMILY = "1,2";
				TEST_HOST = "$(BUILT_PRODUCTS_DIR)/DynamicButtons.app/DynamicButtons";
			};
			name = Debug;
		};
		D914CD86206808970079E523 /* Release */ = {
			isa = XCBuildConfiguration;
			buildSettings = {
				ALWAYS_EMBED_SWIFT_STANDARD_LIBRARIES = YES;
				BUNDLE_LOADER = "$(TEST_HOST)";
				CODE_SIGN_STYLE = Automatic;
				INFOPLIST_FILE = DynamicButtonsTests/Info.plist;
				LD_RUNPATH_SEARCH_PATHS = "$(inherited) @executable_path/Frameworks @loader_path/Frameworks";
				PRODUCT_BUNDLE_IDENTIFIER = com.sanfil.DynamicButtonsTests;
				PRODUCT_NAME = "$(TARGET_NAME)";
				SWIFT_VERSION = 4.0;
				TARGETED_DEVICE_FAMILY = "1,2";
				TEST_HOST = "$(BUILT_PRODUCTS_DIR)/DynamicButtons.app/DynamicButtons";
			};
			name = Release;
		};
/* End XCBuildConfiguration section */

/* Begin XCConfigurationList section */
		D914CD5F206808970079E523 /* Build configuration list for PBXProject "DynamicButtons" */ = {
			isa = XCConfigurationList;
			buildConfigurations = (
				D914CD7F206808970079E523 /* Debug */,
				D914CD80206808970079E523 /* Release */,
			);
			defaultConfigurationIsVisible = 0;
			defaultConfigurationName = Release;
		};
		D914CD81206808970079E523 /* Build configuration list for PBXNativeTarget "DynamicButtons" */ = {
			isa = XCConfigurationList;
			buildConfigurations = (
				D914CD82206808970079E523 /* Debug */,
				D914CD83206808970079E523 /* Release */,
			);
			defaultConfigurationIsVisible = 0;
			defaultConfigurationName = Release;
		};
		D914CD84206808970079E523 /* Build configuration list for PBXNativeTarget "DynamicButtonsTests" */ = {
			isa = XCConfigurationList;
			buildConfigurations = (
				D914CD85206808970079E523 /* Debug */,
				D914CD86206808970079E523 /* Release */,
			);
			defaultConfigurationIsVisible = 0;
			defaultConfigurationName = Release;
		};
/* End XCConfigurationList section */
	};
	rootObject = D914CD5C206808970079E523 /* Project object */;
}
